# This file was autogenerated by uv via the following command:
#    uv pip compile backend/requirements.txt -o backend/requirements.lock
aioredis==1.3.1
    # via
    #   -r backend/requirements.txt
    #   channels-redis
asgiref==3.8.1
    # via
    #   -r backend/requirements.txt
    #   channels
    #   channels-redis
    #   daphne
    #   django
async-timeout==5.0.1
    # via
    #   -r backend/requirements.txt
    #   aioredis
attrs==25.4.0
    # via
    #   -r backend/requirements.txt
    #   service-identity
    #   twisted
autobahn==25.10.2
    # via
    #   -r backend/requirements.txt
    #   daphne
automat==25.4.16
    # via
    #   -r backend/requirements.txt
    #   twisted
bidict==0.23.1
    # via
    #   -r backend/requirements.txt
    #   python-socketio
blinker==1.9.0
    # via
    #   -r backend/requirements.txt
    #   flask
boto3==1.42.94
    # via -r backend/requirements.txt
botocore==1.42.94
    # via
    #   -r backend/requirements.txt
    #   boto3
    #   s3transfer
brotli==1.1.0
    # via
    #   -r backend/requirements.txt
    #   geventhttpclient
certifi==2024.8.30
    # via
    #   -r backend/requirements.txt
    #   geventhttpclient
    #   requests
cffi==1.17.1
    # via
    #   -r backend/requirements.txt
    #   cryptography
channels==3.0.5
    # via
    #   -r backend/requirements.txt
    #   channels-redis
channels-redis==3.4.1
    # via -r backend/requirements.txt
charset-normalizer==2.0.12
    # via
    #   -r backend/requirements.txt
    #   requests
click==8.3.0
    # via
    #   -r backend/requirements.txt
    #   flask
cmdkit==2.7.7
    # via
    #   -r backend/requirements.txt
    #   names-generator
configargparse==1.7.1
    # via
    #   -r backend/requirements.txt
    #   locust
    #   locust-cloud
constantly==23.10.4
    # via
    #   -r backend/requirements.txt
    #   twisted
cryptography==43.0.1
    # via
    #   -r backend/requirements.txt
    #   autobahn
    #   pyopenssl
    #   service-identity
daphne==3.0.2
    # via
    #   -r backend/requirements.txt
    #   channels
defusedxml==0.7.1
    # via
    #   -r backend/requirements.txt
    #   python3-openid
dj-rest-auth==2.2.4
    # via -r backend/requirements.txt
django==5.1.1
    # via
    #   -r backend/requirements.txt
    #   channels
    #   dj-rest-auth
    #   django-admin-sortable2
    #   django-allauth
    #   django-ckeditor-5
    #   django-cors-headers
    #   django-polymorphic
    #   django-redis
    #   django-storages
    #   django-tenants
    #   djangorestframework
    #   djangorestframework-simplejwt
django-admin-sortable2==2.2.3
    # via -r backend/requirements.txt
django-allauth==64.2.1
    # via -r backend/requirements.txt
django-ckeditor-5==0.2.15
    # via -r backend/requirements.txt
django-cors-headers==3.13.0
    # via -r backend/requirements.txt
django-polymorphic==3.1.0
    # via -r backend/requirements.txt
django-redis==5.0.0
    # via -r backend/requirements.txt
django-storages==1.14.6
    # via -r backend/requirements.txt
django-tenants==3.7.0
    # via -r backend/requirements.txt
djangorestframework==3.15.2
    # via
    #   -r backend/requirements.txt
    #   dj-rest-auth
    #   djangorestframework-simplejwt
djangorestframework-simplejwt==5.3.1
    # via -r backend/requirements.txt
faker==35.2.0
    # via -r backend/requirements.txt
flask==3.1.2
    # via
    #   -r backend/requirements.txt
    #   flask-cors
    #   flask-login
    #   locust
flask-cors==6.0.1
    # via
    #   -r backend/requirements.txt
    #   locust
flask-login==0.6.3
    # via
    #   -r backend/requirements.txt
    #   locust
gevent==25.9.1
    # via
    #   -r backend/requirements.txt
    #   geventhttpclient
    #   locust
    #   locust-cloud
geventhttpclient==2.3.5
    # via
    #   -r backend/requirements.txt
    #   locust
greenlet==3.2.4
    # via
    #   -r backend/requirements.txt
    #   gevent
gunicorn==23.0.0
    # via -r backend/requirements.txt
h11==0.16.0
    # via
    #   -r backend/requirements.txt
    #   wsproto
hiredis==3.3.0
    # via
    #   -r backend/requirements.txt
    #   aioredis
hyperlink==21.0.0
    # via
    #   -r backend/requirements.txt
    #   autobahn
    #   twisted
idna==3.8
    # via
    #   -r backend/requirements.txt
    #   hyperlink
    #   requests
    #   twisted
incremental==24.7.2
    # via
    #   -r backend/requirements.txt
    #   twisted
itsdangerous==2.2.0
    # via
    #   -r backend/requirements.txt
    #   flask
jinja2==3.1.6
    # via
    #   -r backend/requirements.txt
    #   flask
jmespath==1.1.0
    # via
    #   -r backend/requirements.txt
    #   boto3
    #   botocore
libs==0.0.10
    # via -r backend/requirements.txt
locust==2.37.14
    # via -r backend/requirements.txt
locust-cloud==1.27.12
    # via
    #   -r backend/requirements.txt
    #   locust
markupsafe==3.0.3
    # via
    #   -r backend/requirements.txt
    #   flask
    #   jinja2
    #   werkzeug
msgpack==1.1.2
    # via
    #   -r backend/requirements.txt
    #   channels-redis
    #   locust
names-generator==0.1.0
    # via -r backend/requirements.txt
oauthlib==3.2.2
    # via
    #   -r backend/requirements.txt
    #   requests-oauthlib
packaging==25.0
    # via
    #   -r backend/requirements.txt
    #   gunicorn
pillow==10.4.0
    # via
    #   -r backend/requirements.txt
    #   django-ckeditor-5
platformdirs==4.5.0
    # via
    #   -r backend/requirements.txt
    #   locust-cloud
psutil==7.1.3
    # via
    #   -r backend/requirements.txt
    #   locust
psycopg2-binary==2.9.9
    # via -r backend/requirements.txt
pyasn1==0.6.1
    # via
    #   -r backend/requirements.txt
    #   pyasn1-modules
    #   service-identity
pyasn1-modules==0.4.2
    # via
    #   -r backend/requirements.txt
    #   service-identity
pycparser==2.21
    # via
    #   -r backend/requirements.txt
    #   cffi
pyjwt==2.9.0
    # via
    #   -r backend/requirements.txt
    #   djangorestframework-simplejwt
pyopenssl==24.2.1
    # via
    #   -r backend/requirements.txt
    #   twisted
python-dateutil==2.9.0.post0
    # via
    #   -r backend/requirements.txt
    #   botocore
    #   faker
python-engineio==4.12.3
    # via
    #   -r backend/requirements.txt
    #   locust-cloud
    #   python-socketio
python-socketio==5.14.3
    # via
    #   -r backend/requirements.txt
    #   locust-cloud
python3-openid==3.2.0
    # via -r backend/requirements.txt
pytz==2022.1
    # via -r backend/requirements.txt
pyzmq==27.1.0
    # via
    #   -r backend/requirements.txt
    #   locust
redis==3.5.3
    # via
    #   -r backend/requirements.txt
    #   django-redis
requests==2.32.3
    # via
    #   -r backend/requirements.txt
    #   locust
    #   python-socketio
    #   requests-oauthlib
requests-oauthlib==1.3.1
    # via -r backend/requirements.txt
s3transfer==0.16.1
    # via
    #   -r backend/requirements.txt
    #   boto3
service-identity==24.2.0
    # via
    #   -r backend/requirements.txt
    #   twisted
setuptools==80.9.0
    # via
    #   -r backend/requirements.txt
    #   incremental
    #   locust
    #   zope-event
simple-websocket==1.1.0
    # via
    #   -r backend/requirements.txt
    #   python-engineio
six==1.17.0
    # via
    #   -r backend/requirements.txt
    #   python-dateutil
sqlparse==0.5.1
    # via
    #   -r backend/requirements.txt
    #   django
twisted==25.5.0
    # via
    #   -r backend/requirements.txt
    #   daphne
txaio==25.9.2
    # via
    #   -r backend/requirements.txt
    #   autobahn
typing-extensions==4.15.0
    # via
    #   -r backend/requirements.txt
    #   faker
    #   twisted
urllib3==1.26.18
    # via
    #   -r backend/requirements.txt
    #   botocore
    #   geventhttpclient
    #   requests
websocket-client==1.9.0
    # via
    #   -r backend/requirements.txt
    #   python-socketio
werkzeug==3.1.3
    # via
    #   -r backend/requirements.txt
    #   flask
    #   flask-cors
    #   flask-login
    #   locust
wsproto==1.2.0
    # via
    #   -r backend/requirements.txt
    #   simple-websocket
zope-event==6.0
    # via
    #   -r backend/requirements.txt
    #   gevent
zope-interface==8.0.1
    # via
    #   -r backend/requirements.txt
    #   gevent
    #   twisted
